
Microsoft Visual Studio Solution File, Format Version 12.00
# Visual Studio Version 16
VisualStudioVersion = 16.0.30517.126
MinimumVisualStudioVersion = 10.0.40219.1
Project("{FAE04EC0-301F-11D3-BF4B-00C04F79EFBC}") = "API.Paises", "API.Paises.csproj", "{944CB599-EF70-4B20-9837-E26737FADB10}"
EndProject
Global
	GlobalSection(SolutionConfigurationPlatforms) = preSolution
		Debug|Any CPU = Debug|Any CPU
		Release|Any CPU = Release|Any CPU
	EndGlobalSection
	GlobalSection(ProjectConfigurationPlatforms) = postSolution
		{944CB599-EF70-4B20-9837-E26737FADB10}.Debug|Any CPU.ActiveCfg = Debug|Any CPU
		{944CB599-EF70-4B20-9837-E26737FADB10}.Debug|Any CPU.Build.0 = Debug|Any CPU
		{944CB599-EF70-4B20-9837-E26737FADB10}.Release|Any CPU.ActiveCfg = Release|Any CPU
		{944CB599-EF70-4B20-9837-E26737FADB10}.Release|Any CPU.Build.0 = Release|Any CPU
	EndGlobalSection
	GlobalSection(SolutionProperties) = preSolution
		HideSolutionNode = FALSE
	EndGlobalSection
	GlobalSection(ExtensibilityGlobals) = postSolution
		SolutionGuid = {0F9156CA-28FA-4244-A90B-63D919309BCD}
	EndGlobalSection
EndGlobal
